
Microsoft Visual Studio Solution File, Format Version 12.00
# Visual Studio Version 16
VisualStudioVersion = 16.0.31005.135
MinimumVisualStudioVersion = 10.0.40219.1
Project("{FAE04EC0-301F-11D3-BF4B-00C04F79EFBC}") = "CSHARP_Listes_Exo2", "CSHARP_Listes_Exo2.csproj", "{A40B0556-2C30-4324-A06F-5FBA932E8665}"
EndProject
Global
	GlobalSection(SolutionConfigurationPlatforms) = preSolution
		Debug|Any CPU = Debug|Any CPU
		Release|Any CPU = Release|Any CPU
	EndGlobalSection
	GlobalSection(ProjectConfigurationPlatforms) = postSolution
		{A40B0556-2C30-4324-A06F-5FBA932E8665}.Debug|Any CPU.ActiveCfg = Debug|Any CPU
		{A40B0556-2C30-4324-A06F-5FBA932E8665}.Debug|Any CPU.Build.0 = Debug|Any CPU
		{A40B0556-2C30-4324-A06F-5FBA932E8665}.Release|Any CPU.ActiveCfg = Release|Any CPU
		{A40B0556-2C30-4324-A06F-5FBA932E8665}.Release|Any CPU.Build.0 = Release|Any CPU
	EndGlobalSection
	GlobalSection(SolutionProperties) = preSolution
		HideSolutionNode = FALSE
	EndGlobalSection
	GlobalSection(ExtensibilityGlobals) = postSolution
		SolutionGuid = {F7AB8747-08A8-4E05-A720-D4A0245D41B4}
	EndGlobalSection
EndGlobal
